
Microsoft Visual Studio Solution File, Format Version 12.00
# Visual Studio Version 17
VisualStudioVersion = 17.14.36202.13 d17.14
MinimumVisualStudioVersion = 10.0.40219.1
Project("{FAE04EC0-301F-11D3-BF4B-00C04F79EFBC}") = "CoffeeShop", "CoffeeShop\CoffeeShop.csproj", "{1F5CCDCD-9D84-4318-9EA4-E2424835C609}"
EndProject
Global
	GlobalSection(SolutionConfigurationPlatforms) = preSolution
		Debug|Any CPU = Debug|Any CPU
		Release|Any CPU = Release|Any CPU
	EndGlobalSection
	GlobalSection(ProjectConfigurationPlatforms) = postSolution
		{1F5CCDCD-9D84-4318-9EA4-E2424835C609}.Debug|Any CPU.ActiveCfg = Debug|Any CPU
		{1F5CCDCD-9D84-4318-9EA4-E2424835C609}.Debug|Any CPU.Build.0 = Debug|Any CPU
		{1F5CCDCD-9D84-4318-9EA4-E2424835C609}.Release|Any CPU.ActiveCfg = Release|Any CPU
		{1F5CCDCD-9D84-4318-9EA4-E2424835C609}.Release|Any CPU.Build.0 = Release|Any CPU
	EndGlobalSection
	GlobalSection(SolutionProperties) = preSolution
		HideSolutionNode = FALSE
	EndGlobalSection
	GlobalSection(ExtensibilityGlobals) = postSolution
		SolutionGuid = {F462C584-F5FA-49D6-841A-0CA30818CC41}
	EndGlobalSection
EndGlobal
